
Microsoft Visual Studio Solution File, Format Version 12.00
# Visual Studio Version 17
VisualStudioVersion = 17.4.33213.308
MinimumVisualStudioVersion = 10.0.40219.1
Project("{9A19103F-16F7-4668-BE54-9A1E7A4F7556}") = "Api", "Api\Api.csproj", "{E9F98E6F-C427-458B-A759-AA082C27F5CE}"
EndProject
Project("{9A19103F-16F7-4668-BE54-9A1E7A4F7556}") = "Services", "Services\Services.csproj", "{2F6C5730-A950-402E-A5EB-F22468DCE0CD}"
EndProject
Project("{9A19103F-16F7-4668-BE54-9A1E7A4F7556}") = "Data", "Data\Data.csproj", "{E7E802A6-39A8-45CE-AE2A-AF4DC549A665}"
EndProject
Global
	GlobalSection(SolutionConfigurationPlatforms) = preSolution
		Debug|Any CPU = Debug|Any CPU
		Release|Any CPU = Release|Any CPU
	EndGlobalSection
	GlobalSection(ProjectConfigurationPlatforms) = postSolution
		{E9F98E6F-C427-458B-A759-AA082C27F5CE}.Debug|Any CPU.ActiveCfg = Debug|Any CPU
		{E9F98E6F-C427-458B-A759-AA082C27F5CE}.Debug|Any CPU.Build.0 = Debug|Any CPU
		{E9F98E6F-C427-458B-A759-AA082C27F5CE}.Release|Any CPU.ActiveCfg = Release|Any CPU
		{E9F98E6F-C427-458B-A759-AA082C27F5CE}.Release|Any CPU.Build.0 = Release|Any CPU
		{2F6C5730-A950-402E-A5EB-F22468DCE0CD}.Debug|Any CPU.ActiveCfg = Debug|Any CPU
		{2F6C5730-A950-402E-A5EB-F22468DCE0CD}.Debug|Any CPU.Build.0 = Debug|Any CPU
		{2F6C5730-A950-402E-A5EB-F22468DCE0CD}.Release|Any CPU.ActiveCfg = Release|Any CPU
		{2F6C5730-A950-402E-A5EB-F22468DCE0CD}.Release|Any CPU.Build.0 = Release|Any CPU
		{E7E802A6-39A8-45CE-AE2A-AF4DC549A665}.Debug|Any CPU.ActiveCfg = Debug|Any CPU
		{E7E802A6-39A8-45CE-AE2A-AF4DC549A665}.Debug|Any CPU.Build.0 = Debug|Any CPU
		{E7E802A6-39A8-45CE-AE2A-AF4DC549A665}.Release|Any CPU.ActiveCfg = Release|Any CPU
		{E7E802A6-39A8-45CE-AE2A-AF4DC549A665}.Release|Any CPU.Build.0 = Release|Any CPU
	EndGlobalSection
	GlobalSection(SolutionProperties) = preSolution
		HideSolutionNode = FALSE
	EndGlobalSection
	GlobalSection(ExtensibilityGlobals) = postSolution
		SolutionGuid = {9088930D-24BB-4C29-B804-4E50522A2762}
	EndGlobalSection
EndGlobal
